
Microsoft Visual Studio Solution File, Format Version 12.00
# Visual Studio Version 16
VisualStudioVersion = 16.0.31402.337
MinimumVisualStudioVersion = 10.0.40219.1
Project("{9A19103F-16F7-4668-BE54-9A1E7A4F7556}") = "snake", "snake.csproj", "{73F77325-77BE-45C1-9A07-73C2E135FF59}"
EndProject
Global
	GlobalSection(SolutionConfigurationPlatforms) = preSolution
		Debug|Any CPU = Debug|Any CPU
		Release|Any CPU = Release|Any CPU
	EndGlobalSection
	GlobalSection(ProjectConfigurationPlatforms) = postSolution
		{73F77325-77BE-45C1-9A07-73C2E135FF59}.Debug|Any CPU.ActiveCfg = Debug|Any CPU
		{73F77325-77BE-45C1-9A07-73C2E135FF59}.Debug|Any CPU.Build.0 = Debug|Any CPU
		{73F77325-77BE-45C1-9A07-73C2E135FF59}.Release|Any CPU.ActiveCfg = Release|Any CPU
		{73F77325-77BE-45C1-9A07-73C2E135FF59}.Release|Any CPU.Build.0 = Release|Any CPU
	EndGlobalSection
	GlobalSection(SolutionProperties) = preSolution
		HideSolutionNode = FALSE
	EndGlobalSection
	GlobalSection(ExtensibilityGlobals) = postSolution
		SolutionGuid = {E90402BA-AFAD-41B1-A4F5-57C6DD9DDD90}
	EndGlobalSection
EndGlobal
